
Microsoft Visual Studio Solution File, Format Version 12.00
# Visual Studio Version 17
VisualStudioVersion = 17.13.35931.197
MinimumVisualStudioVersion = 10.0.40219.1
Project("{2150E333-8FDC-42A3-9474-1A3956D46DE8}") = "Config", "Config", "{D107F4C8-89CC-BEA8-D3D7-CA6B7733353D}"
	ProjectSection(SolutionItems) = preProject
		compose.yaml = compose.yaml
		kong.yml = kong.yml
	EndProjectSection
EndProject
Project("{2150E333-8FDC-42A3-9474-1A3956D46DE8}") = "Servicios", "Servicios", "{708CAA11-4791-CB3E-3180-B7443AA50C60}"
EndProject
Project("{2150E333-8FDC-42A3-9474-1A3956D46DE8}") = "Reservas", "Reservas", "{152D2D72-FBD4-1EA0-D56D-E7993A8BDDAC}"
EndProject
Project("{FAE04EC0-301F-11D3-BF4B-00C04F79EFBC}") = "Reservas.Application", "Servicios\Reservas\Reservas.Application\Reservas.Application.csproj", "{8D4010E9-9B33-46E4-B989-DC85720AD5E9}"
EndProject
Project("{FAE04EC0-301F-11D3-BF4B-00C04F79EFBC}") = "Reservas.Domain", "Servicios\Reservas\Reservas.Domain\Reservas.Domain.csproj", "{4DAD95E7-B6DA-404F-B355-84274A97EDAA}"
EndProject
Project("{FAE04EC0-301F-11D3-BF4B-00C04F79EFBC}") = "Reservas.Infrastructure", "Servicios\Reservas\Reservas.Infrastructure\Reservas.Infrastructure.csproj", "{EFA62E7F-5336-4F0A-8EF7-871F50B3C231}"
EndProject
Project("{FAE04EC0-301F-11D3-BF4B-00C04F79EFBC}") = "Reserva.Api", "Servicios\Reservas\Reserva.Api\Reserva.Api.csproj", "{B115A30A-CB59-40FA-8584-71A2B146BA5E}"
EndProject
Project("{2150E333-8FDC-42A3-9474-1A3956D46DE8}") = "Identity", "Identity", "{DBA5FAF6-B1B3-B3C7-DF84-08C29BDE7E54}"
EndProject
Project("{FAE04EC0-301F-11D3-BF4B-00C04F79EFBC}") = "Identity.Api", "Servicios\Identity\Identity.Api\Identity.Api.csproj", "{83FD3251-2FF1-4CE5-A94D-B33D24EA7639}"
EndProject
Project("{FAE04EC0-301F-11D3-BF4B-00C04F79EFBC}") = "Identity.Application", "Servicios\Identity\Identity.Application\Identity.Application.csproj", "{FC4327A9-892F-4102-BBB5-6F5B7B2695A9}"
EndProject
Project("{FAE04EC0-301F-11D3-BF4B-00C04F79EFBC}") = "Identity.Domain", "Servicios\Identity\Identity.Domain\Identity.Domain.csproj", "{532B1F03-708A-4B52-B4DF-D013CE67D225}"
EndProject
Project("{FAE04EC0-301F-11D3-BF4B-00C04F79EFBC}") = "Identity.Infrastructure", "Servicios\Identity\Identity.Infrastructure\Identity.Infrastructure.csproj", "{45CB8896-3AC9-4349-98EB-7CD88F0676B4}"
EndProject
Global
	GlobalSection(SolutionConfigurationPlatforms) = preSolution
		Debug|Any CPU = Debug|Any CPU
		Debug|x64 = Debug|x64
		Debug|x86 = Debug|x86
		Release|Any CPU = Release|Any CPU
		Release|x64 = Release|x64
		Release|x86 = Release|x86
	EndGlobalSection
	GlobalSection(ProjectConfigurationPlatforms) = postSolution
		{8D4010E9-9B33-46E4-B989-DC85720AD5E9}.Debug|Any CPU.ActiveCfg = Debug|Any CPU
		{8D4010E9-9B33-46E4-B989-DC85720AD5E9}.Debug|Any CPU.Build.0 = Debug|Any CPU
		{8D4010E9-9B33-46E4-B989-DC85720AD5E9}.Debug|x64.ActiveCfg = Debug|Any CPU
		{8D4010E9-9B33-46E4-B989-DC85720AD5E9}.Debug|x64.Build.0 = Debug|Any CPU
		{8D4010E9-9B33-46E4-B989-DC85720AD5E9}.Debug|x86.ActiveCfg = Debug|Any CPU
		{8D4010E9-9B33-46E4-B989-DC85720AD5E9}.Debug|x86.Build.0 = Debug|Any CPU
		{8D4010E9-9B33-46E4-B989-DC85720AD5E9}.Release|Any CPU.ActiveCfg = Release|Any CPU
		{8D4010E9-9B33-46E4-B989-DC85720AD5E9}.Release|Any CPU.Build.0 = Release|Any CPU
		{8D4010E9-9B33-46E4-B989-DC85720AD5E9}.Release|x64.ActiveCfg = Release|Any CPU
		{8D4010E9-9B33-46E4-B989-DC85720AD5E9}.Release|x64.Build.0 = Release|Any CPU
		{8D4010E9-9B33-46E4-B989-DC85720AD5E9}.Release|x86.ActiveCfg = Release|Any CPU
		{8D4010E9-9B33-46E4-B989-DC85720AD5E9}.Release|x86.Build.0 = Release|Any CPU
		{4DAD95E7-B6DA-404F-B355-84274A97EDAA}.Debug|Any CPU.ActiveCfg = Debug|Any CPU
		{4DAD95E7-B6DA-404F-B355-84274A97EDAA}.Debug|Any CPU.Build.0 = Debug|Any CPU
		{4DAD95E7-B6DA-404F-B355-84274A97EDAA}.Debug|x64.ActiveCfg = Debug|Any CPU
		{4DAD95E7-B6DA-404F-B355-84274A97EDAA}.Debug|x64.Build.0 = Debug|Any CPU
		{4DAD95E7-B6DA-404F-B355-84274A97EDAA}.Debug|x86.ActiveCfg = Debug|Any CPU
		{4DAD95E7-B6DA-404F-B355-84274A97EDAA}.Debug|x86.Build.0 = Debug|Any CPU
		{4DAD95E7-B6DA-404F-B355-84274A97EDAA}.Release|Any CPU.ActiveCfg = Release|Any CPU
		{4DAD95E7-B6DA-404F-B355-84274A97EDAA}.Release|Any CPU.Build.0 = Release|Any CPU
		{4DAD95E7-B6DA-404F-B355-84274A97EDAA}.Release|x64.ActiveCfg = Release|Any CPU
		{4DAD95E7-B6DA-404F-B355-84274A97EDAA}.Release|x64.Build.0 = Release|Any CPU
		{4DAD95E7-B6DA-404F-B355-84274A97EDAA}.Release|x86.ActiveCfg = Release|Any CPU
		{4DAD95E7-B6DA-404F-B355-84274A97EDAA}.Release|x86.Build.0 = Release|Any CPU
		{EFA62E7F-5336-4F0A-8EF7-871F50B3C231}.Debug|Any CPU.ActiveCfg = Debug|Any CPU
		{EFA62E7F-5336-4F0A-8EF7-871F50B3C231}.Debug|Any CPU.Build.0 = Debug|Any CPU
		{EFA62E7F-5336-4F0A-8EF7-871F50B3C231}.Debug|x64.ActiveCfg = Debug|Any CPU
		{EFA62E7F-5336-4F0A-8EF7-871F50B3C231}.Debug|x64.Build.0 = Debug|Any CPU
		{EFA62E7F-5336-4F0A-8EF7-871F50B3C231}.Debug|x86.ActiveCfg = Debug|Any CPU
		{EFA62E7F-5336-4F0A-8EF7-871F50B3C231}.Debug|x86.Build.0 = Debug|Any CPU
		{EFA62E7F-5336-4F0A-8EF7-871F50B3C231}.Release|Any CPU.ActiveCfg = Release|Any CPU
		{EFA62E7F-5336-4F0A-8EF7-871F50B3C231}.Release|Any CPU.Build.0 = Release|Any CPU
		{EFA62E7F-5336-4F0A-8EF7-871F50B3C231}.Release|x64.ActiveCfg = Release|Any CPU
		{EFA62E7F-5336-4F0A-8EF7-871F50B3C231}.Release|x64.Build.0 = Release|Any CPU
		{EFA62E7F-5336-4F0A-8EF7-871F50B3C231}.Release|x86.ActiveCfg = Release|Any CPU
		{EFA62E7F-5336-4F0A-8EF7-871F50B3C231}.Release|x86.Build.0 = Release|Any CPU
		{B115A30A-CB59-40FA-8584-71A2B146BA5E}.Debug|Any CPU.ActiveCfg = Debug|Any CPU
		{B115A30A-CB59-40FA-8584-71A2B146BA5E}.Debug|Any CPU.Build.0 = Debug|Any CPU
		{B115A30A-CB59-40FA-8584-71A2B146BA5E}.Debug|x64.ActiveCfg = Debug|Any CPU
		{B115A30A-CB59-40FA-8584-71A2B146BA5E}.Debug|x64.Build.0 = Debug|Any CPU
		{B115A30A-CB59-40FA-8584-71A2B146BA5E}.Debug|x86.ActiveCfg = Debug|Any CPU
		{B115A30A-CB59-40FA-8584-71A2B146BA5E}.Debug|x86.Build.0 = Debug|Any CPU
		{B115A30A-CB59-40FA-8584-71A2B146BA5E}.Release|Any CPU.ActiveCfg = Release|Any CPU
		{B115A30A-CB59-40FA-8584-71A2B146BA5E}.Release|Any CPU.Build.0 = Release|Any CPU
		{B115A30A-CB59-40FA-8584-71A2B146BA5E}.Release|x64.ActiveCfg = Release|Any CPU
		{B115A30A-CB59-40FA-8584-71A2B146BA5E}.Release|x64.Build.0 = Release|Any CPU
		{B115A30A-CB59-40FA-8584-71A2B146BA5E}.Release|x86.ActiveCfg = Release|Any CPU
		{B115A30A-CB59-40FA-8584-71A2B146BA5E}.Release|x86.Build.0 = Release|Any CPU
		{83FD3251-2FF1-4CE5-A94D-B33D24EA7639}.Debug|Any CPU.ActiveCfg = Debug|Any CPU
		{83FD3251-2FF1-4CE5-A94D-B33D24EA7639}.Debug|Any CPU.Build.0 = Debug|Any CPU
		{83FD3251-2FF1-4CE5-A94D-B33D24EA7639}.Debug|x64.ActiveCfg = Debug|Any CPU
		{83FD3251-2FF1-4CE5-A94D-B33D24EA7639}.Debug|x64.Build.0 = Debug|Any CPU
		{83FD3251-2FF1-4CE5-A94D-B33D24EA7639}.Debug|x86.ActiveCfg = Debug|Any CPU
		{83FD3251-2FF1-4CE5-A94D-B33D24EA7639}.Debug|x86.Build.0 = Debug|Any CPU
		{83FD3251-2FF1-4CE5-A94D-B33D24EA7639}.Release|Any CPU.ActiveCfg = Release|Any CPU
		{83FD3251-2FF1-4CE5-A94D-B33D24EA7639}.Release|Any CPU.Build.0 = Release|Any CPU
		{83FD3251-2FF1-4CE5-A94D-B33D24EA7639}.Release|x64.ActiveCfg = Release|Any CPU
		{83FD3251-2FF1-4CE5-A94D-B33D24EA7639}.Release|x64.Build.0 = Release|Any CPU
		{83FD3251-2FF1-4CE5-A94D-B33D24EA7639}.Release|x86.ActiveCfg = Release|Any CPU
		{83FD3251-2FF1-4CE5-A94D-B33D24EA7639}.Release|x86.Build.0 = Release|Any CPU
		{FC4327A9-892F-4102-BBB5-6F5B7B2695A9}.Debug|Any CPU.ActiveCfg = Debug|Any CPU
		{FC4327A9-892F-4102-BBB5-6F5B7B2695A9}.Debug|Any CPU.Build.0 = Debug|Any CPU
		{FC4327A9-892F-4102-BBB5-6F5B7B2695A9}.Debug|x64.ActiveCfg = Debug|Any CPU
		{FC4327A9-892F-4102-BBB5-6F5B7B2695A9}.Debug|x64.Build.0 = Debug|Any CPU
		{FC4327A9-892F-4102-BBB5-6F5B7B2695A9}.Debug|x86.ActiveCfg = Debug|Any CPU
		{FC4327A9-892F-4102-BBB5-6F5B7B2695A9}.Debug|x86.Build.0 = Debug|Any CPU
		{FC4327A9-892F-4102-BBB5-6F5B7B2695A9}.Release|Any CPU.ActiveCfg = Release|Any CPU
		{FC4327A9-892F-4102-BBB5-6F5B7B2695A9}.Release|Any CPU.Build.0 = Release|Any CPU
		{FC4327A9-892F-4102-BBB5-6F5B7B2695A9}.Release|x64.ActiveCfg = Release|Any CPU
		{FC4327A9-892F-4102-BBB5-6F5B7B2695A9}.Release|x64.Build.0 = Release|Any CPU
		{FC4327A9-892F-4102-BBB5-6F5B7B2695A9}.Release|x86.ActiveCfg = Release|Any CPU
		{FC4327A9-892F-4102-BBB5-6F5B7B2695A9}.Release|x86.Build.0 = Release|Any CPU
		{532B1F03-708A-4B52-B4DF-D013CE67D225}.Debug|Any CPU.ActiveCfg = Debug|Any CPU
		{532B1F03-708A-4B52-B4DF-D013CE67D225}.Debug|Any CPU.Build.0 = Debug|Any CPU
		{532B1F03-708A-4B52-B4DF-D013CE67D225}.Debug|x64.ActiveCfg = Debug|Any CPU
		{532B1F03-708A-4B52-B4DF-D013CE67D225}.Debug|x64.Build.0 = Debug|Any CPU
		{532B1F03-708A-4B52-B4DF-D013CE67D225}.Debug|x86.ActiveCfg = Debug|Any CPU
		{532B1F03-708A-4B52-B4DF-D013CE67D225}.Debug|x86.Build.0 = Debug|Any CPU
		{532B1F03-708A-4B52-B4DF-D013CE67D225}.Release|Any CPU.ActiveCfg = Release|Any CPU
		{532B1F03-708A-4B52-B4DF-D013CE67D225}.Release|Any CPU.Build.0 = Release|Any CPU
		{532B1F03-708A-4B52-B4DF-D013CE67D225}.Release|x64.ActiveCfg = Release|Any CPU
		{532B1F03-708A-4B52-B4DF-D013CE67D225}.Release|x64.Build.0 = Release|Any CPU
		{532B1F03-708A-4B52-B4DF-D013CE67D225}.Release|x86.ActiveCfg = Release|Any CPU
		{532B1F03-708A-4B52-B4DF-D013CE67D225}.Release|x86.Build.0 = Release|Any CPU
		{45CB8896-3AC9-4349-98EB-7CD88F0676B4}.Debug|Any CPU.ActiveCfg = Debug|Any CPU
		{45CB8896-3AC9-4349-98EB-7CD88F0676B4}.Debug|Any CPU.Build.0 = Debug|Any CPU
		{45CB8896-3AC9-4349-98EB-7CD88F0676B4}.Debug|x64.ActiveCfg = Debug|Any CPU
		{45CB8896-3AC9-4349-98EB-7CD88F0676B4}.Debug|x64.Build.0 = Debug|Any CPU
		{45CB8896-3AC9-4349-98EB-7CD88F0676B4}.Debug|x86.ActiveCfg = Debug|Any CPU
		{45CB8896-3AC9-4349-98EB-7CD88F0676B4}.Debug|x86.Build.0 = Debug|Any CPU
		{45CB8896-3AC9-4349-98EB-7CD88F0676B4}.Release|Any CPU.ActiveCfg = Release|Any CPU
		{45CB8896-3AC9-4349-98EB-7CD88F0676B4}.Release|Any CPU.Build.0 = Release|Any CPU
		{45CB8896-3AC9-4349-98EB-7CD88F0676B4}.Release|x64.ActiveCfg = Release|Any CPU
		{45CB8896-3AC9-4349-98EB-7CD88F0676B4}.Release|x64.Build.0 = Release|Any CPU
		{45CB8896-3AC9-4349-98EB-7CD88F0676B4}.Release|x86.ActiveCfg = Release|Any CPU
		{45CB8896-3AC9-4349-98EB-7CD88F0676B4}.Release|x86.Build.0 = Release|Any CPU
	EndGlobalSection
	GlobalSection(SolutionProperties) = preSolution
		HideSolutionNode = FALSE
	EndGlobalSection
	GlobalSection(NestedProjects) = preSolution
		{152D2D72-FBD4-1EA0-D56D-E7993A8BDDAC} = {708CAA11-4791-CB3E-3180-B7443AA50C60}
		{8D4010E9-9B33-46E4-B989-DC85720AD5E9} = {152D2D72-FBD4-1EA0-D56D-E7993A8BDDAC}
		{4DAD95E7-B6DA-404F-B355-84274A97EDAA} = {152D2D72-FBD4-1EA0-D56D-E7993A8BDDAC}
		{EFA62E7F-5336-4F0A-8EF7-871F50B3C231} = {152D2D72-FBD4-1EA0-D56D-E7993A8BDDAC}
		{B115A30A-CB59-40FA-8584-71A2B146BA5E} = {152D2D72-FBD4-1EA0-D56D-E7993A8BDDAC}
		{DBA5FAF6-B1B3-B3C7-DF84-08C29BDE7E54} = {708CAA11-4791-CB3E-3180-B7443AA50C60}
		{83FD3251-2FF1-4CE5-A94D-B33D24EA7639} = {DBA5FAF6-B1B3-B3C7-DF84-08C29BDE7E54}
		{FC4327A9-892F-4102-BBB5-6F5B7B2695A9} = {DBA5FAF6-B1B3-B3C7-DF84-08C29BDE7E54}
		{532B1F03-708A-4B52-B4DF-D013CE67D225} = {DBA5FAF6-B1B3-B3C7-DF84-08C29BDE7E54}
		{45CB8896-3AC9-4349-98EB-7CD88F0676B4} = {DBA5FAF6-B1B3-B3C7-DF84-08C29BDE7E54}
	EndGlobalSection
	GlobalSection(ExtensibilityGlobals) = postSolution
		SolutionGuid = {DA344DA3-4AAD-4576-8C63-0668C47FBF11}
	EndGlobalSection
EndGlobal
