
Microsoft Visual Studio Solution File, Format Version 12.00
# Visual Studio Version 17
VisualStudioVersion = 17.13.35931.197
MinimumVisualStudioVersion = 10.0.40219.1

Project("{2150E333-8FDC-42A3-9474-1A3956D46DE8}") = "Config", "Config", "{D107F4C8-89CC-BEA8-D3D7-CA6B7733353D}"
	ProjectSection(SolutionItems) = preProject
		compose.yaml = compose.yaml
		kong.yml = kong.yml
	EndProjectSection
EndProject

Project("{2150E333-8FDC-42A3-9474-1A3956D46DE8}") = "Servicios", "Servicios", "{708CAA11-4791-CB3E-3180-B7443AA50C60}"
EndProject
Project("{2150E333-8FDC-42A3-9474-1A3956D46DE8}") = "Reservas", "Reservas", "{152D2D72-FBD4-1EA0-D56D-E7993A8BDDAC}"
EndProject
Project("{FAE04EC0-301F-11D3-BF4B-00C04F79EFBC}") = "Reservas.Application", "Servicios\Reservas\Reservas.Application\Reservas.Application.csproj", "{8D4010E9-9B33-46E4-B989-DC85720AD5E9}"
EndProject
Project("{FAE04EC0-301F-11D3-BF4B-00C04F79EFBC}") = "Reservas.Domain", "Servicios\Reservas\Reservas.Domain\Reservas.Domain.csproj", "{4DAD95E7-B6DA-404F-B355-84274A97EDAA}"
EndProject
Project("{FAE04EC0-301F-11D3-BF4B-00C04F79EFBC}") = "Reservas.Infrastructure", "Servicios\Reservas\Reservas.Infrastructure\Reservas.Infrastructure.csproj", "{EFA62E7F-5336-4F0A-8EF7-871F50B3C231}"
EndProject
Project("{FAE04EC0-301F-11D3-BF4B-00C04F79EFBC}") = "Reserva.Api", "Servicios\Reservas\Reserva.Api\Reserva.Api.csproj", "{B115A30A-CB59-40FA-8584-71A2B146BA5E}"
EndProject
Global
	GlobalSection(SolutionConfigurationPlatforms) = preSolution
		Debug|Any CPU = Debug|Any CPU
		Debug|x64 = Debug|x64
		Debug|x86 = Debug|x86
		Release|Any CPU = Release|Any CPU
		Release|x64 = Release|x64
		Release|x86 = Release|x86
	EndGlobalSection
	GlobalSection(ProjectConfigurationPlatforms) = postSolution
		{8109E6E3-52F9-4DE7-B318-933673C62E06}.Debug|Any CPU.ActiveCfg = Debug|Any CPU
		{8109E6E3-52F9-4DE7-B318-933673C62E06}.Debug|Any CPU.Build.0 = Debug|Any CPU
		{8109E6E3-52F9-4DE7-B318-933673C62E06}.Debug|x64.ActiveCfg = Debug|Any CPU
		{8109E6E3-52F9-4DE7-B318-933673C62E06}.Debug|x64.Build.0 = Debug|Any CPU
		{8109E6E3-52F9-4DE7-B318-933673C62E06}.Debug|x86.ActiveCfg = Debug|Any CPU
		{8109E6E3-52F9-4DE7-B318-933673C62E06}.Debug|x86.Build.0 = Debug|Any CPU
		{8109E6E3-52F9-4DE7-B318-933673C62E06}.Release|Any CPU.ActiveCfg = Release|Any CPU
		{8109E6E3-52F9-4DE7-B318-933673C62E06}.Release|Any CPU.Build.0 = Release|Any CPU
		{8109E6E3-52F9-4DE7-B318-933673C62E06}.Release|x64.ActiveCfg = Release|Any CPU
		{8109E6E3-52F9-4DE7-B318-933673C62E06}.Release|x64.Build.0 = Release|Any CPU
		{8109E6E3-52F9-4DE7-B318-933673C62E06}.Release|x86.ActiveCfg = Release|Any CPU
		{8109E6E3-52F9-4DE7-B318-933673C62E06}.Release|x86.Build.0 = Release|Any CPU
		{F6F930E7-E16E-4A33-B161-8ACC020B4D9F}.Debug|Any CPU.ActiveCfg = Debug|Any CPU
		{F6F930E7-E16E-4A33-B161-8ACC020B4D9F}.Debug|Any CPU.Build.0 = Debug|Any CPU
		{F6F930E7-E16E-4A33-B161-8ACC020B4D9F}.Debug|x64.ActiveCfg = Debug|Any CPU
		{F6F930E7-E16E-4A33-B161-8ACC020B4D9F}.Debug|x64.Build.0 = Debug|Any CPU
		{F6F930E7-E16E-4A33-B161-8ACC020B4D9F}.Debug|x86.ActiveCfg = Debug|Any CPU
		{F6F930E7-E16E-4A33-B161-8ACC020B4D9F}.Debug|x86.Build.0 = Debug|Any CPU
		{F6F930E7-E16E-4A33-B161-8ACC020B4D9F}.Release|Any CPU.ActiveCfg = Release|Any CPU
		{F6F930E7-E16E-4A33-B161-8ACC020B4D9F}.Release|Any CPU.Build.0 = Release|Any CPU
		{F6F930E7-E16E-4A33-B161-8ACC020B4D9F}.Release|x64.ActiveCfg = Release|Any CPU
		{F6F930E7-E16E-4A33-B161-8ACC020B4D9F}.Release|x64.Build.0 = Release|Any CPU
		{F6F930E7-E16E-4A33-B161-8ACC020B4D9F}.Release|x86.ActiveCfg = Release|Any CPU
		{F6F930E7-E16E-4A33-B161-8ACC020B4D9F}.Release|x86.Build.0 = Release|Any CPU
		{3B3B3C24-2E78-49D3-8DFD-67BB56D50E0A}.Debug|Any CPU.ActiveCfg = Debug|Any CPU
		{3B3B3C24-2E78-49D3-8DFD-67BB56D50E0A}.Debug|Any CPU.Build.0 = Debug|Any CPU
		{3B3B3C24-2E78-49D3-8DFD-67BB56D50E0A}.Debug|x64.ActiveCfg = Debug|Any CPU
		{3B3B3C24-2E78-49D3-8DFD-67BB56D50E0A}.Debug|x64.Build.0 = Debug|Any CPU
		{3B3B3C24-2E78-49D3-8DFD-67BB56D50E0A}.Debug|x86.ActiveCfg = Debug|Any CPU
		{3B3B3C24-2E78-49D3-8DFD-67BB56D50E0A}.Debug|x86.Build.0 = Debug|Any CPU
		{3B3B3C24-2E78-49D3-8DFD-67BB56D50E0A}.Release|Any CPU.ActiveCfg = Release|Any CPU
		{3B3B3C24-2E78-49D3-8DFD-67BB56D50E0A}.Release|Any CPU.Build.0 = Release|Any CPU
		{3B3B3C24-2E78-49D3-8DFD-67BB56D50E0A}.Release|x64.ActiveCfg = Release|Any CPU
		{3B3B3C24-2E78-49D3-8DFD-67BB56D50E0A}.Release|x64.Build.0 = Release|Any CPU
		{3B3B3C24-2E78-49D3-8DFD-67BB56D50E0A}.Release|x86.ActiveCfg = Release|Any CPU
		{3B3B3C24-2E78-49D3-8DFD-67BB56D50E0A}.Release|x86.Build.0 = Release|Any CPU
		{F6DF1F4C-9FFB-4370-A699-9C654956CC1C}.Debug|Any CPU.ActiveCfg = Debug|Any CPU
		{F6DF1F4C-9FFB-4370-A699-9C654956CC1C}.Debug|Any CPU.Build.0 = Debug|Any CPU
		{F6DF1F4C-9FFB-4370-A699-9C654956CC1C}.Debug|x64.ActiveCfg = Debug|Any CPU
		{F6DF1F4C-9FFB-4370-A699-9C654956CC1C}.Debug|x64.Build.0 = Debug|Any CPU
		{F6DF1F4C-9FFB-4370-A699-9C654956CC1C}.Debug|x86.ActiveCfg = Debug|Any CPU
		{F6DF1F4C-9FFB-4370-A699-9C654956CC1C}.Debug|x86.Build.0 = Debug|Any CPU
		{F6DF1F4C-9FFB-4370-A699-9C654956CC1C}.Release|Any CPU.ActiveCfg = Release|Any CPU
		{F6DF1F4C-9FFB-4370-A699-9C654956CC1C}.Release|Any CPU.Build.0 = Release|Any CPU
		{F6DF1F4C-9FFB-4370-A699-9C654956CC1C}.Release|x64.ActiveCfg = Release|Any CPU
		{F6DF1F4C-9FFB-4370-A699-9C654956CC1C}.Release|x64.Build.0 = Release|Any CPU
		{F6DF1F4C-9FFB-4370-A699-9C654956CC1C}.Release|x86.ActiveCfg = Release|Any CPU
		{F6DF1F4C-9FFB-4370-A699-9C654956CC1C}.Release|x86.Build.0 = Release|Any CPU
		{4ECE8442-CA2C-4B04-A4A1-D0DB0D002FEA}.Debug|Any CPU.ActiveCfg = Debug|Any CPU
		{4ECE8442-CA2C-4B04-A4A1-D0DB0D002FEA}.Debug|Any CPU.Build.0 = Debug|Any CPU
		{4ECE8442-CA2C-4B04-A4A1-D0DB0D002FEA}.Debug|x64.ActiveCfg = Debug|Any CPU
		{4ECE8442-CA2C-4B04-A4A1-D0DB0D002FEA}.Debug|x64.Build.0 = Debug|Any CPU
		{4ECE8442-CA2C-4B04-A4A1-D0DB0D002FEA}.Debug|x86.ActiveCfg = Debug|Any CPU
		{4ECE8442-CA2C-4B04-A4A1-D0DB0D002FEA}.Debug|x86.Build.0 = Debug|Any CPU
		{4ECE8442-CA2C-4B04-A4A1-D0DB0D002FEA}.Release|Any CPU.ActiveCfg = Release|Any CPU
		{4ECE8442-CA2C-4B04-A4A1-D0DB0D002FEA}.Release|Any CPU.Build.0 = Release|Any CPU
		{4ECE8442-CA2C-4B04-A4A1-D0DB0D002FEA}.Release|x64.ActiveCfg = Release|Any CPU
		{4ECE8442-CA2C-4B04-A4A1-D0DB0D002FEA}.Release|x64.Build.0 = Release|Any CPU
		{4ECE8442-CA2C-4B04-A4A1-D0DB0D002FEA}.Release|x86.ActiveCfg = Release|Any CPU
		{4ECE8442-CA2C-4B04-A4A1-D0DB0D002FEA}.Release|x86.Build.0 = Release|Any CPU
		{8D4010E9-9B33-46E4-B989-DC85720AD5E9}.Debug|Any CPU.ActiveCfg = Debug|Any CPU
		{8D4010E9-9B33-46E4-B989-DC85720AD5E9}.Debug|Any CPU.Build.0 = Debug|Any CPU
		{8D4010E9-9B33-46E4-B989-DC85720AD5E9}.Debug|x64.ActiveCfg = Debug|Any CPU
		{8D4010E9-9B33-46E4-B989-DC85720AD5E9}.Debug|x64.Build.0 = Debug|Any CPU
		{8D4010E9-9B33-46E4-B989-DC85720AD5E9}.Debug|x86.ActiveCfg = Debug|Any CPU
		{8D4010E9-9B33-46E4-B989-DC85720AD5E9}.Debug|x86.Build.0 = Debug|Any CPU
		{8D4010E9-9B33-46E4-B989-DC85720AD5E9}.Release|Any CPU.ActiveCfg = Release|Any CPU
		{8D4010E9-9B33-46E4-B989-DC85720AD5E9}.Release|Any CPU.Build.0 = Release|Any CPU
		{8D4010E9-9B33-46E4-B989-DC85720AD5E9}.Release|x64.ActiveCfg = Release|Any CPU
		{8D4010E9-9B33-46E4-B989-DC85720AD5E9}.Release|x64.Build.0 = Release|Any CPU
		{8D4010E9-9B33-46E4-B989-DC85720AD5E9}.Release|x86.ActiveCfg = Release|Any CPU
		{8D4010E9-9B33-46E4-B989-DC85720AD5E9}.Release|x86.Build.0 = Release|Any CPU
		{4DAD95E7-B6DA-404F-B355-84274A97EDAA}.Debug|Any CPU.ActiveCfg = Debug|Any CPU
		{4DAD95E7-B6DA-404F-B355-84274A97EDAA}.Debug|Any CPU.Build.0 = Debug|Any CPU
		{4DAD95E7-B6DA-404F-B355-84274A97EDAA}.Debug|x64.ActiveCfg = Debug|Any CPU
		{4DAD95E7-B6DA-404F-B355-84274A97EDAA}.Debug|x64.Build.0 = Debug|Any CPU
		{4DAD95E7-B6DA-404F-B355-84274A97EDAA}.Debug|x86.ActiveCfg = Debug|Any CPU
		{4DAD95E7-B6DA-404F-B355-84274A97EDAA}.Debug|x86.Build.0 = Debug|Any CPU
		{4DAD95E7-B6DA-404F-B355-84274A97EDAA}.Release|Any CPU.ActiveCfg = Release|Any CPU
		{4DAD95E7-B6DA-404F-B355-84274A97EDAA}.Release|Any CPU.Build.0 = Release|Any CPU
		{4DAD95E7-B6DA-404F-B355-84274A97EDAA}.Release|x64.ActiveCfg = Release|Any CPU
		{4DAD95E7-B6DA-404F-B355-84274A97EDAA}.Release|x64.Build.0 = Release|Any CPU
		{4DAD95E7-B6DA-404F-B355-84274A97EDAA}.Release|x86.ActiveCfg = Release|Any CPU
		{4DAD95E7-B6DA-404F-B355-84274A97EDAA}.Release|x86.Build.0 = Release|Any CPU
		{EFA62E7F-5336-4F0A-8EF7-871F50B3C231}.Debug|Any CPU.ActiveCfg = Debug|Any CPU
		{EFA62E7F-5336-4F0A-8EF7-871F50B3C231}.Debug|Any CPU.Build.0 = Debug|Any CPU
		{EFA62E7F-5336-4F0A-8EF7-871F50B3C231}.Debug|x64.ActiveCfg = Debug|Any CPU
		{EFA62E7F-5336-4F0A-8EF7-871F50B3C231}.Debug|x64.Build.0 = Debug|Any CPU
		{EFA62E7F-5336-4F0A-8EF7-871F50B3C231}.Debug|x86.ActiveCfg = Debug|Any CPU
		{EFA62E7F-5336-4F0A-8EF7-871F50B3C231}.Debug|x86.Build.0 = Debug|Any CPU
		{EFA62E7F-5336-4F0A-8EF7-871F50B3C231}.Release|Any CPU.ActiveCfg = Release|Any CPU
		{EFA62E7F-5336-4F0A-8EF7-871F50B3C231}.Release|Any CPU.Build.0 = Release|Any CPU
		{EFA62E7F-5336-4F0A-8EF7-871F50B3C231}.Release|x64.ActiveCfg = Release|Any CPU
		{EFA62E7F-5336-4F0A-8EF7-871F50B3C231}.Release|x64.Build.0 = Release|Any CPU
		{EFA62E7F-5336-4F0A-8EF7-871F50B3C231}.Release|x86.ActiveCfg = Release|Any CPU
		{EFA62E7F-5336-4F0A-8EF7-871F50B3C231}.Release|x86.Build.0 = Release|Any CPU
		{B115A30A-CB59-40FA-8584-71A2B146BA5E}.Debug|Any CPU.ActiveCfg = Debug|Any CPU
		{B115A30A-CB59-40FA-8584-71A2B146BA5E}.Debug|Any CPU.Build.0 = Debug|Any CPU
		{B115A30A-CB59-40FA-8584-71A2B146BA5E}.Debug|x64.ActiveCfg = Debug|Any CPU
		{B115A30A-CB59-40FA-8584-71A2B146BA5E}.Debug|x64.Build.0 = Debug|Any CPU
		{B115A30A-CB59-40FA-8584-71A2B146BA5E}.Debug|x86.ActiveCfg = Debug|Any CPU
		{B115A30A-CB59-40FA-8584-71A2B146BA5E}.Debug|x86.Build.0 = Debug|Any CPU
		{B115A30A-CB59-40FA-8584-71A2B146BA5E}.Release|Any CPU.ActiveCfg = Release|Any CPU
		{B115A30A-CB59-40FA-8584-71A2B146BA5E}.Release|Any CPU.Build.0 = Release|Any CPU
		{B115A30A-CB59-40FA-8584-71A2B146BA5E}.Release|x64.ActiveCfg = Release|Any CPU
		{B115A30A-CB59-40FA-8584-71A2B146BA5E}.Release|x64.Build.0 = Release|Any CPU
		{B115A30A-CB59-40FA-8584-71A2B146BA5E}.Release|x86.ActiveCfg = Release|Any CPU
		{B115A30A-CB59-40FA-8584-71A2B146BA5E}.Release|x86.Build.0 = Release|Any CPU
	EndGlobalSection
	GlobalSection(SolutionProperties) = preSolution
		HideSolutionNode = FALSE
	EndGlobalSection
	GlobalSection(NestedProjects) = preSolution
		{C19F4210-FC9F-4647-B6B0-C96639017D7E} = {02EA681E-C7D8-13C7-8484-4AC65E1B71E8}
		{8109E6E3-52F9-4DE7-B318-933673C62E06} = {C19F4210-FC9F-4647-B6B0-C96639017D7E}
		{F6F930E7-E16E-4A33-B161-8ACC020B4D9F} = {C19F4210-FC9F-4647-B6B0-C96639017D7E}
		{3B3B3C24-2E78-49D3-8DFD-67BB56D50E0A} = {C19F4210-FC9F-4647-B6B0-C96639017D7E}
		{F6DF1F4C-9FFB-4370-A699-9C654956CC1C} = {C19F4210-FC9F-4647-B6B0-C96639017D7E}
		{4ECE8442-CA2C-4B04-A4A1-D0DB0D002FEA} = {C19F4210-FC9F-4647-B6B0-C96639017D7E}
		{152D2D72-FBD4-1EA0-D56D-E7993A8BDDAC} = {708CAA11-4791-CB3E-3180-B7443AA50C60}
		{8D4010E9-9B33-46E4-B989-DC85720AD5E9} = {152D2D72-FBD4-1EA0-D56D-E7993A8BDDAC}
		{4DAD95E7-B6DA-404F-B355-84274A97EDAA} = {152D2D72-FBD4-1EA0-D56D-E7993A8BDDAC}
		{EFA62E7F-5336-4F0A-8EF7-871F50B3C231} = {152D2D72-FBD4-1EA0-D56D-E7993A8BDDAC}
		{B115A30A-CB59-40FA-8584-71A2B146BA5E} = {152D2D72-FBD4-1EA0-D56D-E7993A8BDDAC}
	EndGlobalSection
	GlobalSection(ExtensibilityGlobals) = postSolution
		SolutionGuid = {DA344DA3-4AAD-4576-8C63-0668C47FBF11}
	EndGlobalSection
EndGlobal
